
Microsoft Visual Studio Solution File, Format Version 12.00
# Visual Studio Version 17
VisualStudioVersion = 17.1.32328.378
MinimumVisualStudioVersion = 10.0.40219.1
Project("{FAE04EC0-301F-11D3-BF4B-00C04F79EFBC}") = "SuperHeroWebApi", "SuperHeroWebApi.csproj", "{F445DEF3-A670-49E4-8068-C588669A4556}"
EndProject
Global
	GlobalSection(SolutionConfigurationPlatforms) = preSolution
		Debug|Any CPU = Debug|Any CPU
		Release|Any CPU = Release|Any CPU
	EndGlobalSection
	GlobalSection(ProjectConfigurationPlatforms) = postSolution
		{F445DEF3-A670-49E4-8068-C588669A4556}.Debug|Any CPU.ActiveCfg = Debug|Any CPU
		{F445DEF3-A670-49E4-8068-C588669A4556}.Debug|Any CPU.Build.0 = Debug|Any CPU
		{F445DEF3-A670-49E4-8068-C588669A4556}.Release|Any CPU.ActiveCfg = Release|Any CPU
		{F445DEF3-A670-49E4-8068-C588669A4556}.Release|Any CPU.Build.0 = Release|Any CPU
	EndGlobalSection
	GlobalSection(SolutionProperties) = preSolution
		HideSolutionNode = FALSE
	EndGlobalSection
	GlobalSection(ExtensibilityGlobals) = postSolution
		SolutionGuid = {4E0825D1-33DC-49FE-B2AE-60B894440B4E}
	EndGlobalSection
EndGlobal
